
Microsoft Visual Studio Solution File, Format Version 12.00
# Visual Studio Version 17
VisualStudioVersion = 17.7.34031.279
MinimumVisualStudioVersion = 10.0.40219.1
Project("{FAE04EC0-301F-11D3-BF4B-00C04F79EFBC}") = "WebApi", "WebApi\WebApi.csproj", "{CAB31D54-8AC0-4A70-844F-0FE3FF7646CE}"
EndProject
Global
	GlobalSection(SolutionConfigurationPlatforms) = preSolution
		Debug|Any CPU = Debug|Any CPU
		Release|Any CPU = Release|Any CPU
	EndGlobalSection
	GlobalSection(ProjectConfigurationPlatforms) = postSolution
		{CAB31D54-8AC0-4A70-844F-0FE3FF7646CE}.Debug|Any CPU.ActiveCfg = Debug|Any CPU
		{CAB31D54-8AC0-4A70-844F-0FE3FF7646CE}.Debug|Any CPU.Build.0 = Debug|Any CPU
		{CAB31D54-8AC0-4A70-844F-0FE3FF7646CE}.Release|Any CPU.ActiveCfg = Release|Any CPU
		{CAB31D54-8AC0-4A70-844F-0FE3FF7646CE}.Release|Any CPU.Build.0 = Release|Any CPU
	EndGlobalSection
	GlobalSection(SolutionProperties) = preSolution
		HideSolutionNode = FALSE
	EndGlobalSection
	GlobalSection(ExtensibilityGlobals) = postSolution
		SolutionGuid = {743B677D-CEC1-4907-A9D6-4A222A928FE9}
	EndGlobalSection
EndGlobal
